
Microsoft Visual Studio Solution File, Format Version 12.00
# Visual Studio 14
VisualStudioVersion = 14.0.25420.1
MinimumVisualStudioVersion = 10.0.40219.1
Project("{FAE04EC0-301F-11D3-BF4B-00C04F79EFBC}") = "desj1.01", "desj1.01\desj1.01.csproj", "{E0AFE32A-D378-4362-879E-2B057CF2A6E6}"
EndProject
Project("{FAE04EC0-301F-11D3-BF4B-00C04F79EFBC}") = "Do you love me", "Do you love me\Do you love me.csproj", "{8AB673F6-078A-486B-A2A0-CE5554F1B2C3}"
EndProject
Project("{FAE04EC0-301F-11D3-BF4B-00C04F79EFBC}") = "飞行棋", "飞行棋\飞行棋.csproj", "{798C7E63-A440-4961-B536-848D13410FC7}"
EndProject
Project("{FAE04EC0-301F-11D3-BF4B-00C04F79EFBC}") = "声音", "声音\声音.csproj", "{21874C78-A54E-49C0-9BC0-03087659AB98}"
EndProject
Project("{FAE04EC0-301F-11D3-BF4B-00C04F79EFBC}") = "送给你的惊喜", "送给你的惊喜\送给你的惊喜.csproj", "{8DC7681F-5ECD-4D36-B1B3-45567E6D7409}"
EndProject
Project("{FAE04EC0-301F-11D3-BF4B-00C04F79EFBC}") = "NetEaseCloudMusic", "NetEaseMusic\NetEaseCloudMusic.csproj", "{8619F07A-77C7-4C05-81B7-EBFE83D89ACA}"
EndProject
Project("{2150E333-8FDC-42A3-9474-1A3956D46DE8}") = "NanUI", "NanUI", "{CE0FE67C-375C-4597-BA11-35DDFA317C59}"
EndProject
Project("{2150E333-8FDC-42A3-9474-1A3956D46DE8}") = "ConsoleProject", "ConsoleProject", "{83504EA3-3A5F-4666-9555-AF20D657A156}"
EndProject
Project("{FAE04EC0-301F-11D3-BF4B-00C04F79EFBC}") = "汤姆猫", "汤姆猫\汤姆猫.csproj", "{7DE38A1C-4D53-4DCA-9538-BAF584C189EA}"
EndProject
Project("{FAE04EC0-301F-11D3-BF4B-00C04F79EFBC}") = "AutoUpdate", "AutoUpdate\AutoUpdate.csproj", "{E502F339-1C67-42C5-AF48-0CE633664C6D}"
EndProject
Project("{FAE04EC0-301F-11D3-BF4B-00C04F79EFBC}") = "我的工具定时提醒器", "我的工具定时提醒器\我的工具定时提醒器.csproj", "{6387C65C-8A4F-4565-9B81-C333D8B0B5D6}"
EndProject
Project("{FAE04EC0-301F-11D3-BF4B-00C04F79EFBC}") = "天天管家", "天天班主任\天天管家.csproj", "{7E367AD0-CC0B-486C-B78F-28CA431D73FC}"
EndProject
Project("{FAE04EC0-301F-11D3-BF4B-00C04F79EFBC}") = "序列化与反序列化", "序列化与反序列化\序列化与反序列化.csproj", "{BF1D5D99-8D12-445B-807F-079253523B78}"
EndProject
Project("{FAE04EC0-301F-11D3-BF4B-00C04F79EFBC}") = "预编译指令", "预编译指令\预编译指令.csproj", "{D4867E43-C181-4897-86FD-7D62497CA710}"
EndProject
Project("{FAE04EC0-301F-11D3-BF4B-00C04F79EFBC}") = "MD5加密", "MD5加密\MD5加密.csproj", "{0FF346FA-005B-4D3B-A540-ADDA5F794CFF}"
EndProject
Project("{FAE04EC0-301F-11D3-BF4B-00C04F79EFBC}") = "IPlugin", "IPlugin\IPlugin.csproj", "{B52511DF-AE63-4569-B3F2-9811C37BC0A7}"
EndProject
Project("{FAE04EC0-301F-11D3-BF4B-00C04F79EFBC}") = "MyApplication", "MyApplication\MyApplication.csproj", "{71D1B1CF-60F1-4DBD-97A3-B6F5CC478D94}"
EndProject
Project("{FAE04EC0-301F-11D3-BF4B-00C04F79EFBC}") = "Wpf_NAudio", "Wpf_NAudio\Wpf_NAudio.csproj", "{80FDBF78-0678-4AAF-B240-24C58F0C0FBB}"
EndProject
Project("{FAE04EC0-301F-11D3-BF4B-00C04F79EFBC}") = "LibZplay_test", "LibZplay_test\LibZplay_test.csproj", "{6430FB4E-AA0D-4FC2-A456-C8C67FE31F88}"
EndProject
Project("{FAE04EC0-301F-11D3-BF4B-00C04F79EFBC}") = "键盘记录器", "键盘记录器\键盘记录器.csproj", "{C8DCD0AA-B391-441E-AE0F-C0D5F095ED5C}"
EndProject
Project("{2150E333-8FDC-42A3-9474-1A3956D46DE8}") = "EndProject", "EndProject", "{762BA8E3-F012-4626-AC0B-2A9350A52CC4}"
EndProject
Project("{FAE04EC0-301F-11D3-BF4B-00C04F79EFBC}") = "TestForMysql", "TestForMysql\TestForMysql.csproj", "{241D5B47-733C-4043-B859-10F58C386A3E}"
EndProject
Project("{2150E333-8FDC-42A3-9474-1A3956D46DE8}") = "ktv点歌系统", "ktv点歌系统", "{EC6AF767-247D-4E8B-88FA-6D1AD5BAA536}"
EndProject
Project("{2150E333-8FDC-42A3-9474-1A3956D46DE8}") = "142ktv点歌系统", "142ktv点歌系统", "{A77FD487-598C-4513-BFB5-B1EE3B096D43}"
EndProject
Project("{2150E333-8FDC-42A3-9474-1A3956D46DE8}") = "测试文件夹", "测试文件夹", "{025E6A36-9AF3-47D1-B3F6-55ED863C00A0}"
EndProject
Project("{2150E333-8FDC-42A3-9474-1A3956D46DE8}") = "WinformUI", "WinformUI", "{2DBC747F-0A18-48A6-BB95-C925CABFD8C5}"
EndProject
Project("{FAE04EC0-301F-11D3-BF4B-00C04F79EFBC}") = "WinFormControlTest", "WinFormControlTest\WinFormControlTest.csproj", "{C916164A-D638-4977-8FBA-8D24251D9CA0}"
EndProject
Project("{FAE04EC0-301F-11D3-BF4B-00C04F79EFBC}") = "MyUI", "MyUI\MyUI.csproj", "{5A36FDDA-C022-4FFC-9A37-39D1D85C834A}"
EndProject
Project("{FAE04EC0-301F-11D3-BF4B-00C04F79EFBC}") = "Test", "Test\Test.csproj", "{B4464DEF-B25C-4D84-B144-2CC0FE80CB0F}"
EndProject
Global
	GlobalSection(SolutionConfigurationPlatforms) = preSolution
		Debug|Any CPU = Debug|Any CPU
		Debug|x86 = Debug|x86
		Release|Any CPU = Release|Any CPU
		Release|x86 = Release|x86
	EndGlobalSection
	GlobalSection(ProjectConfigurationPlatforms) = postSolution
		{E0AFE32A-D378-4362-879E-2B057CF2A6E6}.Debug|Any CPU.ActiveCfg = Debug|Any CPU
		{E0AFE32A-D378-4362-879E-2B057CF2A6E6}.Debug|Any CPU.Build.0 = Debug|Any CPU
		{E0AFE32A-D378-4362-879E-2B057CF2A6E6}.Debug|x86.ActiveCfg = Debug|Any CPU
		{E0AFE32A-D378-4362-879E-2B057CF2A6E6}.Debug|x86.Build.0 = Debug|Any CPU
		{E0AFE32A-D378-4362-879E-2B057CF2A6E6}.Release|Any CPU.ActiveCfg = Release|Any CPU
		{E0AFE32A-D378-4362-879E-2B057CF2A6E6}.Release|Any CPU.Build.0 = Release|Any CPU
		{E0AFE32A-D378-4362-879E-2B057CF2A6E6}.Release|x86.ActiveCfg = Release|Any CPU
		{E0AFE32A-D378-4362-879E-2B057CF2A6E6}.Release|x86.Build.0 = Release|Any CPU
		{8AB673F6-078A-486B-A2A0-CE5554F1B2C3}.Debug|Any CPU.ActiveCfg = Debug|Any CPU
		{8AB673F6-078A-486B-A2A0-CE5554F1B2C3}.Debug|Any CPU.Build.0 = Debug|Any CPU
		{8AB673F6-078A-486B-A2A0-CE5554F1B2C3}.Debug|x86.ActiveCfg = Debug|Any CPU
		{8AB673F6-078A-486B-A2A0-CE5554F1B2C3}.Debug|x86.Build.0 = Debug|Any CPU
		{8AB673F6-078A-486B-A2A0-CE5554F1B2C3}.Release|Any CPU.ActiveCfg = Release|Any CPU
		{8AB673F6-078A-486B-A2A0-CE5554F1B2C3}.Release|Any CPU.Build.0 = Release|Any CPU
		{8AB673F6-078A-486B-A2A0-CE5554F1B2C3}.Release|x86.ActiveCfg = Release|Any CPU
		{8AB673F6-078A-486B-A2A0-CE5554F1B2C3}.Release|x86.Build.0 = Release|Any CPU
		{798C7E63-A440-4961-B536-848D13410FC7}.Debug|Any CPU.ActiveCfg = Debug|Any CPU
		{798C7E63-A440-4961-B536-848D13410FC7}.Debug|Any CPU.Build.0 = Debug|Any CPU
		{798C7E63-A440-4961-B536-848D13410FC7}.Debug|x86.ActiveCfg = Debug|Any CPU
		{798C7E63-A440-4961-B536-848D13410FC7}.Debug|x86.Build.0 = Debug|Any CPU
		{798C7E63-A440-4961-B536-848D13410FC7}.Release|Any CPU.ActiveCfg = Release|Any CPU
		{798C7E63-A440-4961-B536-848D13410FC7}.Release|Any CPU.Build.0 = Release|Any CPU
		{798C7E63-A440-4961-B536-848D13410FC7}.Release|x86.ActiveCfg = Release|Any CPU
		{798C7E63-A440-4961-B536-848D13410FC7}.Release|x86.Build.0 = Release|Any CPU
		{21874C78-A54E-49C0-9BC0-03087659AB98}.Debug|Any CPU.ActiveCfg = Debug|Any CPU
		{21874C78-A54E-49C0-9BC0-03087659AB98}.Debug|Any CPU.Build.0 = Debug|Any CPU
		{21874C78-A54E-49C0-9BC0-03087659AB98}.Debug|x86.ActiveCfg = Debug|Any CPU
		{21874C78-A54E-49C0-9BC0-03087659AB98}.Debug|x86.Build.0 = Debug|Any CPU
		{21874C78-A54E-49C0-9BC0-03087659AB98}.Release|Any CPU.ActiveCfg = Release|Any CPU
		{21874C78-A54E-49C0-9BC0-03087659AB98}.Release|Any CPU.Build.0 = Release|Any CPU
		{21874C78-A54E-49C0-9BC0-03087659AB98}.Release|x86.ActiveCfg = Release|Any CPU
		{21874C78-A54E-49C0-9BC0-03087659AB98}.Release|x86.Build.0 = Release|Any CPU
		{8DC7681F-5ECD-4D36-B1B3-45567E6D7409}.Debug|Any CPU.ActiveCfg = Debug|Any CPU
		{8DC7681F-5ECD-4D36-B1B3-45567E6D7409}.Debug|Any CPU.Build.0 = Debug|Any CPU
		{8DC7681F-5ECD-4D36-B1B3-45567E6D7409}.Debug|x86.ActiveCfg = Debug|Any CPU
		{8DC7681F-5ECD-4D36-B1B3-45567E6D7409}.Debug|x86.Build.0 = Debug|Any CPU
		{8DC7681F-5ECD-4D36-B1B3-45567E6D7409}.Release|Any CPU.ActiveCfg = Release|Any CPU
		{8DC7681F-5ECD-4D36-B1B3-45567E6D7409}.Release|Any CPU.Build.0 = Release|Any CPU
		{8DC7681F-5ECD-4D36-B1B3-45567E6D7409}.Release|x86.ActiveCfg = Release|Any CPU
		{8DC7681F-5ECD-4D36-B1B3-45567E6D7409}.Release|x86.Build.0 = Release|Any CPU
		{8619F07A-77C7-4C05-81B7-EBFE83D89ACA}.Debug|Any CPU.ActiveCfg = Debug|Any CPU
		{8619F07A-77C7-4C05-81B7-EBFE83D89ACA}.Debug|Any CPU.Build.0 = Debug|Any CPU
		{8619F07A-77C7-4C05-81B7-EBFE83D89ACA}.Debug|x86.ActiveCfg = Debug|Any CPU
		{8619F07A-77C7-4C05-81B7-EBFE83D89ACA}.Debug|x86.Build.0 = Debug|Any CPU
		{8619F07A-77C7-4C05-81B7-EBFE83D89ACA}.Release|Any CPU.ActiveCfg = Release|Any CPU
		{8619F07A-77C7-4C05-81B7-EBFE83D89ACA}.Release|Any CPU.Build.0 = Release|Any CPU
		{8619F07A-77C7-4C05-81B7-EBFE83D89ACA}.Release|x86.ActiveCfg = Release|Any CPU
		{8619F07A-77C7-4C05-81B7-EBFE83D89ACA}.Release|x86.Build.0 = Release|Any CPU
		{7DE38A1C-4D53-4DCA-9538-BAF584C189EA}.Debug|Any CPU.ActiveCfg = Debug|Any CPU
		{7DE38A1C-4D53-4DCA-9538-BAF584C189EA}.Debug|Any CPU.Build.0 = Debug|Any CPU
		{7DE38A1C-4D53-4DCA-9538-BAF584C189EA}.Debug|x86.ActiveCfg = Debug|Any CPU
		{7DE38A1C-4D53-4DCA-9538-BAF584C189EA}.Debug|x86.Build.0 = Debug|Any CPU
		{7DE38A1C-4D53-4DCA-9538-BAF584C189EA}.Release|Any CPU.ActiveCfg = Release|Any CPU
		{7DE38A1C-4D53-4DCA-9538-BAF584C189EA}.Release|Any CPU.Build.0 = Release|Any CPU
		{7DE38A1C-4D53-4DCA-9538-BAF584C189EA}.Release|x86.ActiveCfg = Release|Any CPU
		{7DE38A1C-4D53-4DCA-9538-BAF584C189EA}.Release|x86.Build.0 = Release|Any CPU
		{E502F339-1C67-42C5-AF48-0CE633664C6D}.Debug|Any CPU.ActiveCfg = Debug|Any CPU
		{E502F339-1C67-42C5-AF48-0CE633664C6D}.Debug|Any CPU.Build.0 = Debug|Any CPU
		{E502F339-1C67-42C5-AF48-0CE633664C6D}.Debug|x86.ActiveCfg = Debug|Any CPU
		{E502F339-1C67-42C5-AF48-0CE633664C6D}.Debug|x86.Build.0 = Debug|Any CPU
		{E502F339-1C67-42C5-AF48-0CE633664C6D}.Release|Any CPU.ActiveCfg = Release|Any CPU
		{E502F339-1C67-42C5-AF48-0CE633664C6D}.Release|Any CPU.Build.0 = Release|Any CPU
		{E502F339-1C67-42C5-AF48-0CE633664C6D}.Release|x86.ActiveCfg = Release|Any CPU
		{E502F339-1C67-42C5-AF48-0CE633664C6D}.Release|x86.Build.0 = Release|Any CPU
		{6387C65C-8A4F-4565-9B81-C333D8B0B5D6}.Debug|Any CPU.ActiveCfg = Debug|Any CPU
		{6387C65C-8A4F-4565-9B81-C333D8B0B5D6}.Debug|Any CPU.Build.0 = Debug|Any CPU
		{6387C65C-8A4F-4565-9B81-C333D8B0B5D6}.Debug|x86.ActiveCfg = Debug|x86
		{6387C65C-8A4F-4565-9B81-C333D8B0B5D6}.Debug|x86.Build.0 = Debug|x86
		{6387C65C-8A4F-4565-9B81-C333D8B0B5D6}.Release|Any CPU.ActiveCfg = Release|Any CPU
		{6387C65C-8A4F-4565-9B81-C333D8B0B5D6}.Release|Any CPU.Build.0 = Release|Any CPU
		{6387C65C-8A4F-4565-9B81-C333D8B0B5D6}.Release|x86.ActiveCfg = Release|x86
		{6387C65C-8A4F-4565-9B81-C333D8B0B5D6}.Release|x86.Build.0 = Release|x86
		{7E367AD0-CC0B-486C-B78F-28CA431D73FC}.Debug|Any CPU.ActiveCfg = Debug|Any CPU
		{7E367AD0-CC0B-486C-B78F-28CA431D73FC}.Debug|Any CPU.Build.0 = Debug|Any CPU
		{7E367AD0-CC0B-486C-B78F-28CA431D73FC}.Debug|x86.ActiveCfg = Debug|x86
		{7E367AD0-CC0B-486C-B78F-28CA431D73FC}.Debug|x86.Build.0 = Debug|x86
		{7E367AD0-CC0B-486C-B78F-28CA431D73FC}.Release|Any CPU.ActiveCfg = Release|Any CPU
		{7E367AD0-CC0B-486C-B78F-28CA431D73FC}.Release|Any CPU.Build.0 = Release|Any CPU
		{7E367AD0-CC0B-486C-B78F-28CA431D73FC}.Release|x86.ActiveCfg = Release|x86
		{7E367AD0-CC0B-486C-B78F-28CA431D73FC}.Release|x86.Build.0 = Release|x86
		{BF1D5D99-8D12-445B-807F-079253523B78}.Debug|Any CPU.ActiveCfg = Debug|Any CPU
		{BF1D5D99-8D12-445B-807F-079253523B78}.Debug|Any CPU.Build.0 = Debug|Any CPU
		{BF1D5D99-8D12-445B-807F-079253523B78}.Debug|x86.ActiveCfg = Debug|x86
		{BF1D5D99-8D12-445B-807F-079253523B78}.Debug|x86.Build.0 = Debug|x86
		{BF1D5D99-8D12-445B-807F-079253523B78}.Release|Any CPU.ActiveCfg = Release|Any CPU
		{BF1D5D99-8D12-445B-807F-079253523B78}.Release|Any CPU.Build.0 = Release|Any CPU
		{BF1D5D99-8D12-445B-807F-079253523B78}.Release|x86.ActiveCfg = Release|x86
		{BF1D5D99-8D12-445B-807F-079253523B78}.Release|x86.Build.0 = Release|x86
		{D4867E43-C181-4897-86FD-7D62497CA710}.Debug|Any CPU.ActiveCfg = Debug|Any CPU
		{D4867E43-C181-4897-86FD-7D62497CA710}.Debug|Any CPU.Build.0 = Debug|Any CPU
		{D4867E43-C181-4897-86FD-7D62497CA710}.Debug|x86.ActiveCfg = Debug|Any CPU
		{D4867E43-C181-4897-86FD-7D62497CA710}.Debug|x86.Build.0 = Debug|Any CPU
		{D4867E43-C181-4897-86FD-7D62497CA710}.Release|Any CPU.ActiveCfg = Release|Any CPU
		{D4867E43-C181-4897-86FD-7D62497CA710}.Release|Any CPU.Build.0 = Release|Any CPU
		{D4867E43-C181-4897-86FD-7D62497CA710}.Release|x86.ActiveCfg = Release|Any CPU
		{D4867E43-C181-4897-86FD-7D62497CA710}.Release|x86.Build.0 = Release|Any CPU
		{0FF346FA-005B-4D3B-A540-ADDA5F794CFF}.Debug|Any CPU.ActiveCfg = Debug|Any CPU
		{0FF346FA-005B-4D3B-A540-ADDA5F794CFF}.Debug|Any CPU.Build.0 = Debug|Any CPU
		{0FF346FA-005B-4D3B-A540-ADDA5F794CFF}.Debug|x86.ActiveCfg = Debug|x86
		{0FF346FA-005B-4D3B-A540-ADDA5F794CFF}.Debug|x86.Build.0 = Debug|x86
		{0FF346FA-005B-4D3B-A540-ADDA5F794CFF}.Release|Any CPU.ActiveCfg = Release|Any CPU
		{0FF346FA-005B-4D3B-A540-ADDA5F794CFF}.Release|Any CPU.Build.0 = Release|Any CPU
		{0FF346FA-005B-4D3B-A540-ADDA5F794CFF}.Release|x86.ActiveCfg = Release|x86
		{0FF346FA-005B-4D3B-A540-ADDA5F794CFF}.Release|x86.Build.0 = Release|x86
		{B52511DF-AE63-4569-B3F2-9811C37BC0A7}.Debug|Any CPU.ActiveCfg = Debug|Any CPU
		{B52511DF-AE63-4569-B3F2-9811C37BC0A7}.Debug|Any CPU.Build.0 = Debug|Any CPU
		{B52511DF-AE63-4569-B3F2-9811C37BC0A7}.Debug|x86.ActiveCfg = Debug|Any CPU
		{B52511DF-AE63-4569-B3F2-9811C37BC0A7}.Debug|x86.Build.0 = Debug|Any CPU
		{B52511DF-AE63-4569-B3F2-9811C37BC0A7}.Release|Any CPU.ActiveCfg = Release|Any CPU
		{B52511DF-AE63-4569-B3F2-9811C37BC0A7}.Release|Any CPU.Build.0 = Release|Any CPU
		{B52511DF-AE63-4569-B3F2-9811C37BC0A7}.Release|x86.ActiveCfg = Release|Any CPU
		{B52511DF-AE63-4569-B3F2-9811C37BC0A7}.Release|x86.Build.0 = Release|Any CPU
		{71D1B1CF-60F1-4DBD-97A3-B6F5CC478D94}.Debug|Any CPU.ActiveCfg = Debug|Any CPU
		{71D1B1CF-60F1-4DBD-97A3-B6F5CC478D94}.Debug|Any CPU.Build.0 = Debug|Any CPU
		{71D1B1CF-60F1-4DBD-97A3-B6F5CC478D94}.Debug|x86.ActiveCfg = Debug|Any CPU
		{71D1B1CF-60F1-4DBD-97A3-B6F5CC478D94}.Debug|x86.Build.0 = Debug|Any CPU
		{71D1B1CF-60F1-4DBD-97A3-B6F5CC478D94}.Release|Any CPU.ActiveCfg = Release|Any CPU
		{71D1B1CF-60F1-4DBD-97A3-B6F5CC478D94}.Release|Any CPU.Build.0 = Release|Any CPU
		{71D1B1CF-60F1-4DBD-97A3-B6F5CC478D94}.Release|x86.ActiveCfg = Release|Any CPU
		{71D1B1CF-60F1-4DBD-97A3-B6F5CC478D94}.Release|x86.Build.0 = Release|Any CPU
		{80FDBF78-0678-4AAF-B240-24C58F0C0FBB}.Debug|Any CPU.ActiveCfg = Debug|Any CPU
		{80FDBF78-0678-4AAF-B240-24C58F0C0FBB}.Debug|Any CPU.Build.0 = Debug|Any CPU
		{80FDBF78-0678-4AAF-B240-24C58F0C0FBB}.Debug|x86.ActiveCfg = Debug|Any CPU
		{80FDBF78-0678-4AAF-B240-24C58F0C0FBB}.Debug|x86.Build.0 = Debug|Any CPU
		{80FDBF78-0678-4AAF-B240-24C58F0C0FBB}.Release|Any CPU.ActiveCfg = Release|Any CPU
		{80FDBF78-0678-4AAF-B240-24C58F0C0FBB}.Release|Any CPU.Build.0 = Release|Any CPU
		{80FDBF78-0678-4AAF-B240-24C58F0C0FBB}.Release|x86.ActiveCfg = Release|Any CPU
		{80FDBF78-0678-4AAF-B240-24C58F0C0FBB}.Release|x86.Build.0 = Release|Any CPU
		{6430FB4E-AA0D-4FC2-A456-C8C67FE31F88}.Debug|Any CPU.ActiveCfg = Debug|Any CPU
		{6430FB4E-AA0D-4FC2-A456-C8C67FE31F88}.Debug|Any CPU.Build.0 = Debug|Any CPU
		{6430FB4E-AA0D-4FC2-A456-C8C67FE31F88}.Debug|x86.ActiveCfg = Debug|Any CPU
		{6430FB4E-AA0D-4FC2-A456-C8C67FE31F88}.Debug|x86.Build.0 = Debug|Any CPU
		{6430FB4E-AA0D-4FC2-A456-C8C67FE31F88}.Release|Any CPU.ActiveCfg = Release|Any CPU
		{6430FB4E-AA0D-4FC2-A456-C8C67FE31F88}.Release|Any CPU.Build.0 = Release|Any CPU
		{6430FB4E-AA0D-4FC2-A456-C8C67FE31F88}.Release|x86.ActiveCfg = Release|Any CPU
		{6430FB4E-AA0D-4FC2-A456-C8C67FE31F88}.Release|x86.Build.0 = Release|Any CPU
		{C8DCD0AA-B391-441E-AE0F-C0D5F095ED5C}.Debug|Any CPU.ActiveCfg = Debug|Any CPU
		{C8DCD0AA-B391-441E-AE0F-C0D5F095ED5C}.Debug|Any CPU.Build.0 = Debug|Any CPU
		{C8DCD0AA-B391-441E-AE0F-C0D5F095ED5C}.Debug|x86.ActiveCfg = Debug|Any CPU
		{C8DCD0AA-B391-441E-AE0F-C0D5F095ED5C}.Debug|x86.Build.0 = Debug|Any CPU
		{C8DCD0AA-B391-441E-AE0F-C0D5F095ED5C}.Release|Any CPU.ActiveCfg = Release|Any CPU
		{C8DCD0AA-B391-441E-AE0F-C0D5F095ED5C}.Release|Any CPU.Build.0 = Release|Any CPU
		{C8DCD0AA-B391-441E-AE0F-C0D5F095ED5C}.Release|x86.ActiveCfg = Release|Any CPU
		{C8DCD0AA-B391-441E-AE0F-C0D5F095ED5C}.Release|x86.Build.0 = Release|Any CPU
		{241D5B47-733C-4043-B859-10F58C386A3E}.Debug|Any CPU.ActiveCfg = Debug|Any CPU
		{241D5B47-733C-4043-B859-10F58C386A3E}.Debug|Any CPU.Build.0 = Debug|Any CPU
		{241D5B47-733C-4043-B859-10F58C386A3E}.Debug|x86.ActiveCfg = Debug|Any CPU
		{241D5B47-733C-4043-B859-10F58C386A3E}.Debug|x86.Build.0 = Debug|Any CPU
		{241D5B47-733C-4043-B859-10F58C386A3E}.Release|Any CPU.ActiveCfg = Release|Any CPU
		{241D5B47-733C-4043-B859-10F58C386A3E}.Release|Any CPU.Build.0 = Release|Any CPU
		{241D5B47-733C-4043-B859-10F58C386A3E}.Release|x86.ActiveCfg = Release|Any CPU
		{241D5B47-733C-4043-B859-10F58C386A3E}.Release|x86.Build.0 = Release|Any CPU
		{C916164A-D638-4977-8FBA-8D24251D9CA0}.Debug|Any CPU.ActiveCfg = Debug|Any CPU
		{C916164A-D638-4977-8FBA-8D24251D9CA0}.Debug|Any CPU.Build.0 = Debug|Any CPU
		{C916164A-D638-4977-8FBA-8D24251D9CA0}.Debug|x86.ActiveCfg = Debug|Any CPU
		{C916164A-D638-4977-8FBA-8D24251D9CA0}.Debug|x86.Build.0 = Debug|Any CPU
		{C916164A-D638-4977-8FBA-8D24251D9CA0}.Release|Any CPU.ActiveCfg = Release|Any CPU
		{C916164A-D638-4977-8FBA-8D24251D9CA0}.Release|Any CPU.Build.0 = Release|Any CPU
		{C916164A-D638-4977-8FBA-8D24251D9CA0}.Release|x86.ActiveCfg = Release|Any CPU
		{C916164A-D638-4977-8FBA-8D24251D9CA0}.Release|x86.Build.0 = Release|Any CPU
		{5A36FDDA-C022-4FFC-9A37-39D1D85C834A}.Debug|Any CPU.ActiveCfg = Debug|Any CPU
		{5A36FDDA-C022-4FFC-9A37-39D1D85C834A}.Debug|Any CPU.Build.0 = Debug|Any CPU
		{5A36FDDA-C022-4FFC-9A37-39D1D85C834A}.Debug|x86.ActiveCfg = Debug|Any CPU
		{5A36FDDA-C022-4FFC-9A37-39D1D85C834A}.Debug|x86.Build.0 = Debug|Any CPU
		{5A36FDDA-C022-4FFC-9A37-39D1D85C834A}.Release|Any CPU.ActiveCfg = Release|Any CPU
		{5A36FDDA-C022-4FFC-9A37-39D1D85C834A}.Release|Any CPU.Build.0 = Release|Any CPU
		{5A36FDDA-C022-4FFC-9A37-39D1D85C834A}.Release|x86.ActiveCfg = Release|Any CPU
		{5A36FDDA-C022-4FFC-9A37-39D1D85C834A}.Release|x86.Build.0 = Release|Any CPU
		{B4464DEF-B25C-4D84-B144-2CC0FE80CB0F}.Debug|Any CPU.ActiveCfg = Debug|Any CPU
		{B4464DEF-B25C-4D84-B144-2CC0FE80CB0F}.Debug|Any CPU.Build.0 = Debug|Any CPU
		{B4464DEF-B25C-4D84-B144-2CC0FE80CB0F}.Debug|x86.ActiveCfg = Debug|Any CPU
		{B4464DEF-B25C-4D84-B144-2CC0FE80CB0F}.Debug|x86.Build.0 = Debug|Any CPU
		{B4464DEF-B25C-4D84-B144-2CC0FE80CB0F}.Release|Any CPU.ActiveCfg = Release|Any CPU
		{B4464DEF-B25C-4D84-B144-2CC0FE80CB0F}.Release|Any CPU.Build.0 = Release|Any CPU
		{B4464DEF-B25C-4D84-B144-2CC0FE80CB0F}.Release|x86.ActiveCfg = Release|Any CPU
		{B4464DEF-B25C-4D84-B144-2CC0FE80CB0F}.Release|x86.Build.0 = Release|Any CPU
	EndGlobalSection
	GlobalSection(SolutionProperties) = preSolution
		HideSolutionNode = FALSE
	EndGlobalSection
	GlobalSection(NestedProjects) = preSolution
		{E0AFE32A-D378-4362-879E-2B057CF2A6E6} = {83504EA3-3A5F-4666-9555-AF20D657A156}
		{8619F07A-77C7-4C05-81B7-EBFE83D89ACA} = {CE0FE67C-375C-4597-BA11-35DDFA317C59}
		{7DE38A1C-4D53-4DCA-9538-BAF584C189EA} = {762BA8E3-F012-4626-AC0B-2A9350A52CC4}
		{A77FD487-598C-4513-BFB5-B1EE3B096D43} = {EC6AF767-247D-4E8B-88FA-6D1AD5BAA536}
		{025E6A36-9AF3-47D1-B3F6-55ED863C00A0} = {EC6AF767-247D-4E8B-88FA-6D1AD5BAA536}
		{C916164A-D638-4977-8FBA-8D24251D9CA0} = {2DBC747F-0A18-48A6-BB95-C925CABFD8C5}
		{5A36FDDA-C022-4FFC-9A37-39D1D85C834A} = {2DBC747F-0A18-48A6-BB95-C925CABFD8C5}
		{B4464DEF-B25C-4D84-B144-2CC0FE80CB0F} = {83504EA3-3A5F-4666-9555-AF20D657A156}
	EndGlobalSection
EndGlobal
